
Microsoft Visual Studio Solution File, Format Version 12.00
# Visual Studio Version 16
VisualStudioVersion = 16.0.31205.134
MinimumVisualStudioVersion = 10.0.40219.1
Project("{FAE04EC0-301F-11D3-BF4B-00C04F79EFBC}") = "backend", "backend.csproj", "{CA7D126D-92F4-466E-A755-878F3A52A0FA}"
EndProject
Global
	GlobalSection(SolutionConfigurationPlatforms) = preSolution
		Debug|Any CPU = Debug|Any CPU
		Release|Any CPU = Release|Any CPU
	EndGlobalSection
	GlobalSection(ProjectConfigurationPlatforms) = postSolution
		{CA7D126D-92F4-466E-A755-878F3A52A0FA}.Debug|Any CPU.ActiveCfg = Debug|Any CPU
		{CA7D126D-92F4-466E-A755-878F3A52A0FA}.Debug|Any CPU.Build.0 = Debug|Any CPU
		{CA7D126D-92F4-466E-A755-878F3A52A0FA}.Release|Any CPU.ActiveCfg = Release|Any CPU
		{CA7D126D-92F4-466E-A755-878F3A52A0FA}.Release|Any CPU.Build.0 = Release|Any CPU
	EndGlobalSection
	GlobalSection(SolutionProperties) = preSolution
		HideSolutionNode = FALSE
	EndGlobalSection
	GlobalSection(ExtensibilityGlobals) = postSolution
		SolutionGuid = {7F8D83DB-2D5C-473C-AD0B-AE70300496E7}
	EndGlobalSection
EndGlobal
